// !$*UTF8*$!
{
	archiveVersion = 1;
	classes = {
	};
	objectVersion = 46;
	objects = {

/* Begin PBXBuildFile section */
		1AADA06C13E8059000BC5023 /* UIKit.framework in Frameworks */ = {isa = PBXBuildFile; fileRef = 1AADA06B13E8059000BC5023 /* UIKit.framework */; };
		1AADA06E13E8059000BC5023 /* Foundation.framework in Frameworks */ = {isa = PBXBuildFile; fileRef = 1AADA06D13E8059000BC5023 /* Foundation.framework */; };
		1AADA07013E8059000BC5023 /* CoreGraphics.framework in Frameworks */ = {isa = PBXBuildFile; fileRef = 1AADA06F13E8059000BC5023 /* CoreGraphics.framework */; };
		1AADA07613E8059000BC5023 /* InfoPlist.strings in Resources */ = {isa = PBXBuildFile; fileRef = 1AADA07413E8059000BC5023 /* InfoPlist.strings */; };
		1AADA07813E8059000BC5023 /* main.m in Sources */ = {isa = PBXBuildFile; fileRef = 1AADA07713E8059000BC5023 /* main.m */; };
		1AADA07C13E8059000BC5023 /* MultithreadingAppDelegate.m in Sources */ = {isa = PBXBuildFile; fileRef = 1AADA07B13E8059000BC5023 /* MultithreadingAppDelegate.m */; };
		1AADA07F13E8059000BC5023 /* MainWindow.xib in Resources */ = {isa = PBXBuildFile; fileRef = 1AADA07D13E8059000BC5023 /* MainWindow.xib */; };
		1AADA08213E8059000BC5023 /* MultithreadingViewController.m in Sources */ = {isa = PBXBuildFile; fileRef = 1AADA08113E8059000BC5023 /* MultithreadingViewController.m */; };
		1AADA08513E8059000BC5023 /* MultithreadingViewController.xib in Resources */ = {isa = PBXBuildFile; fileRef = 1AADA08313E8059000BC5023 /* MultithreadingViewController.xib */; };
		1AADA09913E80B0000BC5023 /* CountOperation.m in Sources */ = {isa = PBXBuildFile; fileRef = 1AADA09813E80B0000BC5023 /* CountOperation.m */; };
/* End PBXBuildFile section */

/* Begin PBXFileReference section */
		1AADA06713E8059000BC5023 /* Multithreading.app */ = {isa = PBXFileReference; explicitFileType = wrapper.application; includeInIndex = 0; path = Multithreading.app; sourceTree = BUILT_PRODUCTS_DIR; };
		1AADA06B13E8059000BC5023 /* UIKit.framework */ = {isa = PBXFileReference; lastKnownFileType = wrapper.framework; name = UIKit.framework; path = System/Library/Frameworks/UIKit.framework; sourceTree = SDKROOT; };
		1AADA06D13E8059000BC5023 /* Foundation.framework */ = {isa = PBXFileReference; lastKnownFileType = wrapper.framework; name = Foundation.framework; path = System/Library/Frameworks/Foundation.framework; sourceTree = SDKROOT; };
		1AADA06F13E8059000BC5023 /* CoreGraphics.framework */ = {isa = PBXFileReference; lastKnownFileType = wrapper.framework; name = CoreGraphics.framework; path = System/Library/Frameworks/CoreGraphics.framework; sourceTree = SDKROOT; };
		1AADA07313E8059000BC5023 /* Multithreading-Info.plist */ = {isa = PBXFileReference; lastKnownFileType = text.plist.xml; path = "Multithreading-Info.plist"; sourceTree = "<group>"; };
		1AADA07513E8059000BC5023 /* en */ = {isa = PBXFileReference; lastKnownFileType = text.plist.strings; name = en; path = en.lproj/InfoPlist.strings; sourceTree = "<group>"; };
		1AADA07713E8059000BC5023 /* main.m */ = {isa = PBXFileReference; lastKnownFileType = sourcecode.c.objc; path = main.m; sourceTree = "<group>"; };
		1AADA07913E8059000BC5023 /* Multithreading-Prefix.pch */ = {isa = PBXFileReference; lastKnownFileType = sourcecode.c.h; path = "Multithreading-Prefix.pch"; sourceTree = "<group>"; };
		1AADA07A13E8059000BC5023 /* MultithreadingAppDelegate.h */ = {isa = PBXFileReference; lastKnownFileType = sourcecode.c.h; path = MultithreadingAppDelegate.h; sourceTree = "<group>"; };
		1AADA07B13E8059000BC5023 /* MultithreadingAppDelegate.m */ = {isa = PBXFileReference; lastKnownFileType = sourcecode.c.objc; path = MultithreadingAppDelegate.m; sourceTree = "<group>"; };
		1AADA07E13E8059000BC5023 /* en */ = {isa = PBXFileReference; lastKnownFileType = file.xib; name = en; path = en.lproj/MainWindow.xib; sourceTree = "<group>"; };
		1AADA08013E8059000BC5023 /* MultithreadingViewController.h */ = {isa = PBXFileReference; lastKnownFileType = sourcecode.c.h; path = MultithreadingViewController.h; sourceTree = "<group>"; };
		1AADA08113E8059000BC5023 /* MultithreadingViewController.m */ = {isa = PBXFileReference; lastKnownFileType = sourcecode.c.objc; path = MultithreadingViewController.m; sourceTree = "<group>"; };
		1AADA08413E8059000BC5023 /* en */ = {isa = PBXFileReference; lastKnownFileType = file.xib; name = en; path = en.lproj/MultithreadingViewController.xib; sourceTree = "<group>"; };
		1AADA09713E80B0000BC5023 /* CountOperation.h */ = {isa = PBXFileReference; fileEncoding = 4; lastKnownFileType = sourcecode.c.h; path = CountOperation.h; sourceTree = "<group>"; };
		1AADA09813E80B0000BC5023 /* CountOperation.m */ = {isa = PBXFileReference; fileEncoding = 4; lastKnownFileType = sourcecode.c.objc; path = CountOperation.m; sourceTree = "<group>"; };
/* End PBXFileReference section */

/* Begin PBXFrameworksBuildPhase section */
		1AADA06413E8059000BC5023 /* Frameworks */ = {
			isa = PBXFrameworksBuildPhase;
			buildActionMask = 2147483647;
			files = (
				1AADA06C13E8059000BC5023 /* UIKit.framework in Frameworks */,
				1AADA06E13E8059000BC5023 /* Foundation.framework in Frameworks */,
				1AADA07013E8059000BC5023 /* CoreGraphics.framework in Frameworks */,
			);
			runOnlyForDeploymentPostprocessing = 0;
		};
/* End PBXFrameworksBuildPhase section */

/* Begin PBXGroup section */
		1AADA05C13E8059000BC5023 = {
			isa = PBXGroup;
			children = (
				1AADA07113E8059000BC5023 /* Multithreading */,
				1AADA06A13E8059000BC5023 /* Frameworks */,
				1AADA06813E8059000BC5023 /* Products */,
			);
			sourceTree = "<group>";
		};
		1AADA06813E8059000BC5023 /* Products */ = {
			isa = PBXGroup;
			children = (
				1AADA06713E8059000BC5023 /* Multithreading.app */,
			);
			name = Products;
			sourceTree = "<group>";
		};
		1AADA06A13E8059000BC5023 /* Frameworks */ = {
			isa = PBXGroup;
			children = (
				1AADA06B13E8059000BC5023 /* UIKit.framework */,
				1AADA06D13E8059000BC5023 /* Foundation.framework */,
				1AADA06F13E8059000BC5023 /* CoreGraphics.framework */,
			);
			name = Frameworks;
			sourceTree = "<group>";
		};
		1AADA07113E8059000BC5023 /* Multithreading */ = {
			isa = PBXGroup;
			children = (
				1AADA09613E80A4200BC5023 /* Operation */,
				1AADA07A13E8059000BC5023 /* MultithreadingAppDelegate.h */,
				1AADA07B13E8059000BC5023 /* MultithreadingAppDelegate.m */,
				1AADA07D13E8059000BC5023 /* MainWindow.xib */,
				1AADA08013E8059000BC5023 /* MultithreadingViewController.h */,
				1AADA08113E8059000BC5023 /* MultithreadingViewController.m */,
				1AADA08313E8059000BC5023 /* MultithreadingViewController.xib */,
				1AADA07213E8059000BC5023 /* Supporting Files */,
			);
			path = Multithreading;
			sourceTree = "<group>";
		};
		1AADA07213E8059000BC5023 /* Supporting Files */ = {
			isa = PBXGroup;
			children = (
				1AADA07313E8059000BC5023 /* Multithreading-Info.plist */,
				1AADA07413E8059000BC5023 /* InfoPlist.strings */,
				1AADA07713E8059000BC5023 /* main.m */,
				1AADA07913E8059000BC5023 /* Multithreading-Prefix.pch */,
			);
			name = "Supporting Files";
			sourceTree = "<group>";
		};
		1AADA09613E80A4200BC5023 /* Operation */ = {
			isa = PBXGroup;
			children = (
				1AADA09713E80B0000BC5023 /* CountOperation.h */,
				1AADA09813E80B0000BC5023 /* CountOperation.m */,
			);
			name = Operation;
			sourceTree = "<group>";
		};
/* End PBXGroup section */

/* Begin PBXNativeTarget section */
		1AADA06613E8059000BC5023 /* Multithreading */ = {
			isa = PBXNativeTarget;
			buildConfigurationList = 1AADA08813E8059000BC5023 /* Build configuration list for PBXNativeTarget "Multithreading" */;
			buildPhases = (
				1AADA06313E8059000BC5023 /* Sources */,
				1AADA06413E8059000BC5023 /* Frameworks */,
				1AADA06513E8059000BC5023 /* Resources */,
			);
			buildRules = (
			);
			dependencies = (
			);
			name = Multithreading;
			productName = Multithreading;
			productReference = 1AADA06713E8059000BC5023 /* Multithreading.app */;
			productType = "com.apple.product-type.application";
		};
/* End PBXNativeTarget section */

/* Begin PBXProject section */
		1AADA05E13E8059000BC5023 /* Project object */ = {
			isa = PBXProject;
			attributes = {
				ORGANIZATIONNAME = "Vilea GmbH";
			};
			buildConfigurationList = 1AADA06113E8059000BC5023 /* Build configuration list for PBXProject "Multithreading" */;
			compatibilityVersion = "Xcode 3.2";
			developmentRegion = English;
			hasScannedForEncodings = 0;
			knownRegions = (
				en,
			);
			mainGroup = 1AADA05C13E8059000BC5023;
			productRefGroup = 1AADA06813E8059000BC5023 /* Products */;
			projectDirPath = "";
			projectRoot = "";
			targets = (
				1AADA06613E8059000BC5023 /* Multithreading */,
			);
		};
/* End PBXProject section */

/* Begin PBXResourcesBuildPhase section */
		1AADA06513E8059000BC5023 /* Resources */ = {
			isa = PBXResourcesBuildPhase;
			buildActionMask = 2147483647;
			files = (
				1AADA07613E8059000BC5023 /* InfoPlist.strings in Resources */,
				1AADA07F13E8059000BC5023 /* MainWindow.xib in Resources */,
				1AADA08513E8059000BC5023 /* MultithreadingViewController.xib in Resources */,
			);
			runOnlyForDeploymentPostprocessing = 0;
		};
/* End PBXResourcesBuildPhase section */

/* Begin PBXSourcesBuildPhase section */
		1AADA06313E8059000BC5023 /* Sources */ = {
			isa = PBXSourcesBuildPhase;
			buildActionMask = 2147483647;
			files = (
				1AADA07813E8059000BC5023 /* main.m in Sources */,
				1AADA07C13E8059000BC5023 /* MultithreadingAppDelegate.m in Sources */,
				1AADA08213E8059000BC5023 /* MultithreadingViewController.m in Sources */,
				1AADA09913E80B0000BC5023 /* CountOperation.m in Sources */,
			);
			runOnlyForDeploymentPostprocessing = 0;
		};
/* End PBXSourcesBuildPhase section */

/* Begin PBXVariantGroup section */
		1AADA07413E8059000BC5023 /* InfoPlist.strings */ = {
			isa = PBXVariantGroup;
			children = (
				1AADA07513E8059000BC5023 /* en */,
			);
			name = InfoPlist.strings;
			sourceTree = "<group>";
		};
		1AADA07D13E8059000BC5023 /* MainWindow.xib */ = {
			isa = PBXVariantGroup;
			children = (
				1AADA07E13E8059000BC5023 /* en */,
			);
			name = MainWindow.xib;
			sourceTree = "<group>";
		};
		1AADA08313E8059000BC5023 /* MultithreadingViewController.xib */ = {
			isa = PBXVariantGroup;
			children = (
				1AADA08413E8059000BC5023 /* en */,
			);
			name = MultithreadingViewController.xib;
			sourceTree = "<group>";
		};
/* End PBXVariantGroup section */

/* Begin XCBuildConfiguration section */
		1AADA08613E8059000BC5023 /* Debug */ = {
			isa = XCBuildConfiguration;
			buildSettings = {
				ALWAYS_SEARCH_USER_PATHS = NO;
				ARCHS = "$(ARCHS_STANDARD_32_BIT)";
				"CODE_SIGN_IDENTITY[sdk=iphoneos*]" = "iPhone Developer";
				COPY_PHASE_STRIP = NO;
				GCC_C_LANGUAGE_STANDARD = gnu99;
				GCC_DYNAMIC_NO_PIC = NO;
				GCC_OPTIMIZATION_LEVEL = 0;
				GCC_PREPROCESSOR_DEFINITIONS = (
					"DEBUG=1",
					"$(inherited)",
				);
				GCC_SYMBOLS_PRIVATE_EXTERN = NO;
				GCC_VERSION = com.apple.compilers.llvmgcc42;
				GCC_WARN_ABOUT_MISSING_PROTOTYPES = YES;
				GCC_WARN_ABOUT_RETURN_TYPE = YES;
				GCC_WARN_UNUSED_VARIABLE = YES;
				IPHONEOS_DEPLOYMENT_TARGET = 4.3;
				SDKROOT = iphoneos;
			};
			name = Debug;
		};
		1AADA08713E8059000BC5023 /* Release */ = {
			isa = XCBuildConfiguration;
			buildSettings = {
				ALWAYS_SEARCH_USER_PATHS = NO;
				ARCHS = "$(ARCHS_STANDARD_32_BIT)";
				"CODE_SIGN_IDENTITY[sdk=iphoneos*]" = "iPhone Developer";
				COPY_PHASE_STRIP = YES;
				GCC_C_LANGUAGE_STANDARD = gnu99;
				GCC_VERSION = com.apple.compilers.llvmgcc42;
				GCC_WARN_ABOUT_MISSING_PROTOTYPES = YES;
				GCC_WARN_ABOUT_RETURN_TYPE = YES;
				GCC_WARN_UNUSED_VARIABLE = YES;
				IPHONEOS_DEPLOYMENT_TARGET = 4.3;
				OTHER_CFLAGS = "-DNS_BLOCK_ASSERTIONS=1";
				SDKROOT = iphoneos;
				VALIDATE_PRODUCT = YES;
			};
			name = Release;
		};
		1AADA08913E8059000BC5023 /* Debug */ = {
			isa = XCBuildConfiguration;
			buildSettings = {
				CLANG_ENABLE_OBJC_ARC = YES;
				GCC_PRECOMPILE_PREFIX_HEADER = YES;
				GCC_PREFIX_HEADER = "Multithreading/Multithreading-Prefix.pch";
				GCC_VERSION = com.apple.compilers.llvm.clang.1_0;
				INFOPLIST_FILE = "Multithreading/Multithreading-Info.plist";
				PRODUCT_NAME = "$(TARGET_NAME)";
				WRAPPER_EXTENSION = app;
			};
			name = Debug;
		};
		1AADA08A13E8059000BC5023 /* Release */ = {
			isa = XCBuildConfiguration;
			buildSettings = {
				CLANG_ENABLE_OBJC_ARC = YES;
				GCC_PRECOMPILE_PREFIX_HEADER = YES;
				GCC_PREFIX_HEADER = "Multithreading/Multithreading-Prefix.pch";
				GCC_VERSION = com.apple.compilers.llvm.clang.1_0;
				INFOPLIST_FILE = "Multithreading/Multithreading-Info.plist";
				PRODUCT_NAME = "$(TARGET_NAME)";
				WRAPPER_EXTENSION = app;
			};
			name = Release;
		};
/* End XCBuildConfiguration section */

/* Begin XCConfigurationList section */
		1AADA06113E8059000BC5023 /* Build configuration list for PBXProject "Multithreading" */ = {
			isa = XCConfigurationList;
			buildConfigurations = (
				1AADA08613E8059000BC5023 /* Debug */,
				1AADA08713E8059000BC5023 /* Release */,
			);
			defaultConfigurationIsVisible = 0;
			defaultConfigurationName = Release;
		};
		1AADA08813E8059000BC5023 /* Build configuration list for PBXNativeTarget "Multithreading" */ = {
			isa = XCConfigurationList;
			buildConfigurations = (
				1AADA08913E8059000BC5023 /* Debug */,
				1AADA08A13E8059000BC5023 /* Release */,
			);
			defaultConfigurationIsVisible = 0;
			defaultConfigurationName = Release;
		};
/* End XCConfigurationList section */
	};
	rootObject = 1AADA05E13E8059000BC5023 /* Project object */;
}
